
Microsoft Visual Studio Solution File, Format Version 12.00
# Visual Studio Version 17
VisualStudioVersion = 17.0.31903.59
MinimumVisualStudioVersion = 10.0.40219.1
Project("{FAE04EC0-301F-11D3-BF4B-00C04F79EFBC}") = "ApiGateway", "ApiGateway\ApiGateway.csproj", "{41450866-F136-43A7-B8A3-2A1E6352B917}"
EndProject
Project("{FAE04EC0-301F-11D3-BF4B-00C04F79EFBC}") = "ECommerce.Models", "ECommerce.Models\ECommerce.Models.csproj", "{3C5EB5AE-EFD2-4650-A982-A46A06C6E6D7}"
EndProject
Project("{FAE04EC0-301F-11D3-BF4B-00C04F79EFBC}") = "AuthApi", "AuthApi\AuthApi.csproj", "{AA01FDCF-72A7-45BF-9FA2-D20CE108301F}"
EndProject
Project("{FAE04EC0-301F-11D3-BF4B-00C04F79EFBC}") = "AuthApi.Data", "AuthApi.Data\AuthApi.Data.csproj", "{333A7476-4DE4-4552-B6A1-D295B3C94E19}"
EndProject
Project("{FAE04EC0-301F-11D3-BF4B-00C04F79EFBC}") = "AuthApi.Models", "AuthApi.Models\AuthApi.Models.csproj", "{216ABB28-EBC8-4211-8C89-E1D1FDAFC889}"
EndProject
Project("{FAE04EC0-301F-11D3-BF4B-00C04F79EFBC}") = "ECommerce.Data", "ECommerce.Data\ECommerce.Data.csproj", "{23DEE217-5E88-4295-A7D4-7548BA6D6C90}"
EndProject
Project("{FAE04EC0-301F-11D3-BF4B-00C04F79EFBC}") = "ProductApi.Models", "ProductApi.Models\ProductApi.Models.csproj", "{06790E11-D70C-4160-AA99-D37446EBCE1A}"
EndProject
Project("{FAE04EC0-301F-11D3-BF4B-00C04F79EFBC}") = "AuthService.Data", "AuthService.Data\AuthService.Data.csproj", "{8684DB5B-9B57-49B6-911D-1AEA0A8CD405}"
EndProject
Project("{FAE04EC0-301F-11D3-BF4B-00C04F79EFBC}") = "ProductApi", "ProductApi\ProductApi.csproj", "{645D3308-5AB3-4D5E-8387-EB3E708F1EB8}"
EndProject
Project("{FAE04EC0-301F-11D3-BF4B-00C04F79EFBC}") = "ProductApi.Infrastructure", "ProductApi.Infrastructure\ProductApi.Infrastructure.csproj", "{BD84FAC1-ADA5-4B49-9B91-916D44B417B5}"
EndProject
Project("{FAE04EC0-301F-11D3-BF4B-00C04F79EFBC}") = "ProductApi.Application", "ProductApi.Application\ProductApi.Application.csproj", "{1B6350E9-F78F-468F-8B25-D1363CFDF06A}"
EndProject
Project("{2150E333-8FDC-42A3-9474-1A3956D46DE8}") = "E_Commerce_web", "E_Commerce_web", "{E88456B8-DAAC-5BB9-0F66-0C5F7DC7DFF7}"
EndProject
Project("{FAE04EC0-301F-11D3-BF4B-00C04F79EFBC}") = "E_Commerce_Web", "E_Commerce_web\E_Commerce_Web.csproj", "{317A1FE3-11BF-40CC-858A-EE193701B1E5}"
EndProject
Project("{FAE04EC0-301F-11D3-BF4B-00C04F79EFBC}") = "Auth.Test", "Auth.Test\Auth.Test.csproj", "{4051F598-E0D5-46F4-8C24-E63AFB1AE166}"
EndProject
Project("{FAE04EC0-301F-11D3-BF4B-00C04F79EFBC}") = "Product.Test", "Product.Test\Product.Test.csproj", "{F2F9609C-71BD-4399-A20B-32747E5FC17F}"
EndProject
Global
	GlobalSection(SolutionConfigurationPlatforms) = preSolution
		Debug|Any CPU = Debug|Any CPU
		Debug|x64 = Debug|x64
		Debug|x86 = Debug|x86
		Release|Any CPU = Release|Any CPU
		Release|x64 = Release|x64
		Release|x86 = Release|x86
	EndGlobalSection
	GlobalSection(ProjectConfigurationPlatforms) = postSolution
		{41450866-F136-43A7-B8A3-2A1E6352B917}.Debug|Any CPU.ActiveCfg = Debug|Any CPU
		{41450866-F136-43A7-B8A3-2A1E6352B917}.Debug|Any CPU.Build.0 = Debug|Any CPU
		{41450866-F136-43A7-B8A3-2A1E6352B917}.Debug|x64.ActiveCfg = Debug|Any CPU
		{41450866-F136-43A7-B8A3-2A1E6352B917}.Debug|x64.Build.0 = Debug|Any CPU
		{41450866-F136-43A7-B8A3-2A1E6352B917}.Debug|x86.ActiveCfg = Debug|Any CPU
		{41450866-F136-43A7-B8A3-2A1E6352B917}.Debug|x86.Build.0 = Debug|Any CPU
		{41450866-F136-43A7-B8A3-2A1E6352B917}.Release|Any CPU.ActiveCfg = Release|Any CPU
		{41450866-F136-43A7-B8A3-2A1E6352B917}.Release|Any CPU.Build.0 = Release|Any CPU
		{41450866-F136-43A7-B8A3-2A1E6352B917}.Release|x64.ActiveCfg = Release|Any CPU
		{41450866-F136-43A7-B8A3-2A1E6352B917}.Release|x64.Build.0 = Release|Any CPU
		{41450866-F136-43A7-B8A3-2A1E6352B917}.Release|x86.ActiveCfg = Release|Any CPU
		{41450866-F136-43A7-B8A3-2A1E6352B917}.Release|x86.Build.0 = Release|Any CPU
		{3C5EB5AE-EFD2-4650-A982-A46A06C6E6D7}.Debug|Any CPU.ActiveCfg = Debug|Any CPU
		{3C5EB5AE-EFD2-4650-A982-A46A06C6E6D7}.Debug|Any CPU.Build.0 = Debug|Any CPU
		{3C5EB5AE-EFD2-4650-A982-A46A06C6E6D7}.Debug|x64.ActiveCfg = Debug|Any CPU
		{3C5EB5AE-EFD2-4650-A982-A46A06C6E6D7}.Debug|x64.Build.0 = Debug|Any CPU
		{3C5EB5AE-EFD2-4650-A982-A46A06C6E6D7}.Debug|x86.ActiveCfg = Debug|Any CPU
		{3C5EB5AE-EFD2-4650-A982-A46A06C6E6D7}.Debug|x86.Build.0 = Debug|Any CPU
		{3C5EB5AE-EFD2-4650-A982-A46A06C6E6D7}.Release|Any CPU.ActiveCfg = Release|Any CPU
		{3C5EB5AE-EFD2-4650-A982-A46A06C6E6D7}.Release|Any CPU.Build.0 = Release|Any CPU
		{3C5EB5AE-EFD2-4650-A982-A46A06C6E6D7}.Release|x64.ActiveCfg = Release|Any CPU
		{3C5EB5AE-EFD2-4650-A982-A46A06C6E6D7}.Release|x64.Build.0 = Release|Any CPU
		{3C5EB5AE-EFD2-4650-A982-A46A06C6E6D7}.Release|x86.ActiveCfg = Release|Any CPU
		{3C5EB5AE-EFD2-4650-A982-A46A06C6E6D7}.Release|x86.Build.0 = Release|Any CPU
		{AA01FDCF-72A7-45BF-9FA2-D20CE108301F}.Debug|Any CPU.ActiveCfg = Debug|Any CPU
		{AA01FDCF-72A7-45BF-9FA2-D20CE108301F}.Debug|Any CPU.Build.0 = Debug|Any CPU
		{AA01FDCF-72A7-45BF-9FA2-D20CE108301F}.Debug|x64.ActiveCfg = Debug|Any CPU
		{AA01FDCF-72A7-45BF-9FA2-D20CE108301F}.Debug|x64.Build.0 = Debug|Any CPU
		{AA01FDCF-72A7-45BF-9FA2-D20CE108301F}.Debug|x86.ActiveCfg = Debug|Any CPU
		{AA01FDCF-72A7-45BF-9FA2-D20CE108301F}.Debug|x86.Build.0 = Debug|Any CPU
		{AA01FDCF-72A7-45BF-9FA2-D20CE108301F}.Release|Any CPU.ActiveCfg = Release|Any CPU
		{AA01FDCF-72A7-45BF-9FA2-D20CE108301F}.Release|Any CPU.Build.0 = Release|Any CPU
		{AA01FDCF-72A7-45BF-9FA2-D20CE108301F}.Release|x64.ActiveCfg = Release|Any CPU
		{AA01FDCF-72A7-45BF-9FA2-D20CE108301F}.Release|x64.Build.0 = Release|Any CPU
		{AA01FDCF-72A7-45BF-9FA2-D20CE108301F}.Release|x86.ActiveCfg = Release|Any CPU
		{AA01FDCF-72A7-45BF-9FA2-D20CE108301F}.Release|x86.Build.0 = Release|Any CPU
		{333A7476-4DE4-4552-B6A1-D295B3C94E19}.Debug|Any CPU.ActiveCfg = Debug|Any CPU
		{333A7476-4DE4-4552-B6A1-D295B3C94E19}.Debug|Any CPU.Build.0 = Debug|Any CPU
		{333A7476-4DE4-4552-B6A1-D295B3C94E19}.Debug|x64.ActiveCfg = Debug|Any CPU
		{333A7476-4DE4-4552-B6A1-D295B3C94E19}.Debug|x64.Build.0 = Debug|Any CPU
		{333A7476-4DE4-4552-B6A1-D295B3C94E19}.Debug|x86.ActiveCfg = Debug|Any CPU
		{333A7476-4DE4-4552-B6A1-D295B3C94E19}.Debug|x86.Build.0 = Debug|Any CPU
		{333A7476-4DE4-4552-B6A1-D295B3C94E19}.Release|Any CPU.ActiveCfg = Release|Any CPU
		{333A7476-4DE4-4552-B6A1-D295B3C94E19}.Release|Any CPU.Build.0 = Release|Any CPU
		{333A7476-4DE4-4552-B6A1-D295B3C94E19}.Release|x64.ActiveCfg = Release|Any CPU
		{333A7476-4DE4-4552-B6A1-D295B3C94E19}.Release|x64.Build.0 = Release|Any CPU
		{333A7476-4DE4-4552-B6A1-D295B3C94E19}.Release|x86.ActiveCfg = Release|Any CPU
		{333A7476-4DE4-4552-B6A1-D295B3C94E19}.Release|x86.Build.0 = Release|Any CPU
		{216ABB28-EBC8-4211-8C89-E1D1FDAFC889}.Debug|Any CPU.ActiveCfg = Debug|Any CPU
		{216ABB28-EBC8-4211-8C89-E1D1FDAFC889}.Debug|Any CPU.Build.0 = Debug|Any CPU
		{216ABB28-EBC8-4211-8C89-E1D1FDAFC889}.Debug|x64.ActiveCfg = Debug|Any CPU
		{216ABB28-EBC8-4211-8C89-E1D1FDAFC889}.Debug|x64.Build.0 = Debug|Any CPU
		{216ABB28-EBC8-4211-8C89-E1D1FDAFC889}.Debug|x86.ActiveCfg = Debug|Any CPU
		{216ABB28-EBC8-4211-8C89-E1D1FDAFC889}.Debug|x86.Build.0 = Debug|Any CPU
		{216ABB28-EBC8-4211-8C89-E1D1FDAFC889}.Release|Any CPU.ActiveCfg = Release|Any CPU
		{216ABB28-EBC8-4211-8C89-E1D1FDAFC889}.Release|Any CPU.Build.0 = Release|Any CPU
		{216ABB28-EBC8-4211-8C89-E1D1FDAFC889}.Release|x64.ActiveCfg = Release|Any CPU
		{216ABB28-EBC8-4211-8C89-E1D1FDAFC889}.Release|x64.Build.0 = Release|Any CPU
		{216ABB28-EBC8-4211-8C89-E1D1FDAFC889}.Release|x86.ActiveCfg = Release|Any CPU
		{216ABB28-EBC8-4211-8C89-E1D1FDAFC889}.Release|x86.Build.0 = Release|Any CPU
		{23DEE217-5E88-4295-A7D4-7548BA6D6C90}.Debug|Any CPU.ActiveCfg = Debug|Any CPU
		{23DEE217-5E88-4295-A7D4-7548BA6D6C90}.Debug|Any CPU.Build.0 = Debug|Any CPU
		{23DEE217-5E88-4295-A7D4-7548BA6D6C90}.Debug|x64.ActiveCfg = Debug|Any CPU
		{23DEE217-5E88-4295-A7D4-7548BA6D6C90}.Debug|x64.Build.0 = Debug|Any CPU
		{23DEE217-5E88-4295-A7D4-7548BA6D6C90}.Debug|x86.ActiveCfg = Debug|Any CPU
		{23DEE217-5E88-4295-A7D4-7548BA6D6C90}.Debug|x86.Build.0 = Debug|Any CPU
		{23DEE217-5E88-4295-A7D4-7548BA6D6C90}.Release|Any CPU.ActiveCfg = Release|Any CPU
		{23DEE217-5E88-4295-A7D4-7548BA6D6C90}.Release|Any CPU.Build.0 = Release|Any CPU
		{23DEE217-5E88-4295-A7D4-7548BA6D6C90}.Release|x64.ActiveCfg = Release|Any CPU
		{23DEE217-5E88-4295-A7D4-7548BA6D6C90}.Release|x64.Build.0 = Release|Any CPU
		{23DEE217-5E88-4295-A7D4-7548BA6D6C90}.Release|x86.ActiveCfg = Release|Any CPU
		{23DEE217-5E88-4295-A7D4-7548BA6D6C90}.Release|x86.Build.0 = Release|Any CPU
		{06790E11-D70C-4160-AA99-D37446EBCE1A}.Debug|Any CPU.ActiveCfg = Debug|Any CPU
		{06790E11-D70C-4160-AA99-D37446EBCE1A}.Debug|Any CPU.Build.0 = Debug|Any CPU
		{06790E11-D70C-4160-AA99-D37446EBCE1A}.Debug|x64.ActiveCfg = Debug|Any CPU
		{06790E11-D70C-4160-AA99-D37446EBCE1A}.Debug|x64.Build.0 = Debug|Any CPU
		{06790E11-D70C-4160-AA99-D37446EBCE1A}.Debug|x86.ActiveCfg = Debug|Any CPU
		{06790E11-D70C-4160-AA99-D37446EBCE1A}.Debug|x86.Build.0 = Debug|Any CPU
		{06790E11-D70C-4160-AA99-D37446EBCE1A}.Release|Any CPU.ActiveCfg = Release|Any CPU
		{06790E11-D70C-4160-AA99-D37446EBCE1A}.Release|Any CPU.Build.0 = Release|Any CPU
		{06790E11-D70C-4160-AA99-D37446EBCE1A}.Release|x64.ActiveCfg = Release|Any CPU
		{06790E11-D70C-4160-AA99-D37446EBCE1A}.Release|x64.Build.0 = Release|Any CPU
		{06790E11-D70C-4160-AA99-D37446EBCE1A}.Release|x86.ActiveCfg = Release|Any CPU
		{06790E11-D70C-4160-AA99-D37446EBCE1A}.Release|x86.Build.0 = Release|Any CPU
		{8684DB5B-9B57-49B6-911D-1AEA0A8CD405}.Debug|Any CPU.ActiveCfg = Debug|Any CPU
		{8684DB5B-9B57-49B6-911D-1AEA0A8CD405}.Debug|Any CPU.Build.0 = Debug|Any CPU
		{8684DB5B-9B57-49B6-911D-1AEA0A8CD405}.Debug|x64.ActiveCfg = Debug|Any CPU
		{8684DB5B-9B57-49B6-911D-1AEA0A8CD405}.Debug|x64.Build.0 = Debug|Any CPU
		{8684DB5B-9B57-49B6-911D-1AEA0A8CD405}.Debug|x86.ActiveCfg = Debug|Any CPU
		{8684DB5B-9B57-49B6-911D-1AEA0A8CD405}.Debug|x86.Build.0 = Debug|Any CPU
		{8684DB5B-9B57-49B6-911D-1AEA0A8CD405}.Release|Any CPU.ActiveCfg = Release|Any CPU
		{8684DB5B-9B57-49B6-911D-1AEA0A8CD405}.Release|Any CPU.Build.0 = Release|Any CPU
		{8684DB5B-9B57-49B6-911D-1AEA0A8CD405}.Release|x64.ActiveCfg = Release|Any CPU
		{8684DB5B-9B57-49B6-911D-1AEA0A8CD405}.Release|x64.Build.0 = Release|Any CPU
		{8684DB5B-9B57-49B6-911D-1AEA0A8CD405}.Release|x86.ActiveCfg = Release|Any CPU
		{8684DB5B-9B57-49B6-911D-1AEA0A8CD405}.Release|x86.Build.0 = Release|Any CPU
		{645D3308-5AB3-4D5E-8387-EB3E708F1EB8}.Debug|Any CPU.ActiveCfg = Debug|Any CPU
		{645D3308-5AB3-4D5E-8387-EB3E708F1EB8}.Debug|Any CPU.Build.0 = Debug|Any CPU
		{645D3308-5AB3-4D5E-8387-EB3E708F1EB8}.Debug|x64.ActiveCfg = Debug|Any CPU
		{645D3308-5AB3-4D5E-8387-EB3E708F1EB8}.Debug|x64.Build.0 = Debug|Any CPU
		{645D3308-5AB3-4D5E-8387-EB3E708F1EB8}.Debug|x86.ActiveCfg = Debug|Any CPU
		{645D3308-5AB3-4D5E-8387-EB3E708F1EB8}.Debug|x86.Build.0 = Debug|Any CPU
		{645D3308-5AB3-4D5E-8387-EB3E708F1EB8}.Release|Any CPU.ActiveCfg = Release|Any CPU
		{645D3308-5AB3-4D5E-8387-EB3E708F1EB8}.Release|Any CPU.Build.0 = Release|Any CPU
		{645D3308-5AB3-4D5E-8387-EB3E708F1EB8}.Release|x64.ActiveCfg = Release|Any CPU
		{645D3308-5AB3-4D5E-8387-EB3E708F1EB8}.Release|x64.Build.0 = Release|Any CPU
		{645D3308-5AB3-4D5E-8387-EB3E708F1EB8}.Release|x86.ActiveCfg = Release|Any CPU
		{645D3308-5AB3-4D5E-8387-EB3E708F1EB8}.Release|x86.Build.0 = Release|Any CPU
		{BD84FAC1-ADA5-4B49-9B91-916D44B417B5}.Debug|Any CPU.ActiveCfg = Debug|Any CPU
		{BD84FAC1-ADA5-4B49-9B91-916D44B417B5}.Debug|Any CPU.Build.0 = Debug|Any CPU
		{BD84FAC1-ADA5-4B49-9B91-916D44B417B5}.Debug|x64.ActiveCfg = Debug|Any CPU
		{BD84FAC1-ADA5-4B49-9B91-916D44B417B5}.Debug|x64.Build.0 = Debug|Any CPU
		{BD84FAC1-ADA5-4B49-9B91-916D44B417B5}.Debug|x86.ActiveCfg = Debug|Any CPU
		{BD84FAC1-ADA5-4B49-9B91-916D44B417B5}.Debug|x86.Build.0 = Debug|Any CPU
		{BD84FAC1-ADA5-4B49-9B91-916D44B417B5}.Release|Any CPU.ActiveCfg = Release|Any CPU
		{BD84FAC1-ADA5-4B49-9B91-916D44B417B5}.Release|Any CPU.Build.0 = Release|Any CPU
		{BD84FAC1-ADA5-4B49-9B91-916D44B417B5}.Release|x64.ActiveCfg = Release|Any CPU
		{BD84FAC1-ADA5-4B49-9B91-916D44B417B5}.Release|x64.Build.0 = Release|Any CPU
		{BD84FAC1-ADA5-4B49-9B91-916D44B417B5}.Release|x86.ActiveCfg = Release|Any CPU
		{BD84FAC1-ADA5-4B49-9B91-916D44B417B5}.Release|x86.Build.0 = Release|Any CPU
		{1B6350E9-F78F-468F-8B25-D1363CFDF06A}.Debug|Any CPU.ActiveCfg = Debug|Any CPU
		{1B6350E9-F78F-468F-8B25-D1363CFDF06A}.Debug|Any CPU.Build.0 = Debug|Any CPU
		{1B6350E9-F78F-468F-8B25-D1363CFDF06A}.Debug|x64.ActiveCfg = Debug|Any CPU
		{1B6350E9-F78F-468F-8B25-D1363CFDF06A}.Debug|x64.Build.0 = Debug|Any CPU
		{1B6350E9-F78F-468F-8B25-D1363CFDF06A}.Debug|x86.ActiveCfg = Debug|Any CPU
		{1B6350E9-F78F-468F-8B25-D1363CFDF06A}.Debug|x86.Build.0 = Debug|Any CPU
		{1B6350E9-F78F-468F-8B25-D1363CFDF06A}.Release|Any CPU.ActiveCfg = Release|Any CPU
		{1B6350E9-F78F-468F-8B25-D1363CFDF06A}.Release|Any CPU.Build.0 = Release|Any CPU
		{1B6350E9-F78F-468F-8B25-D1363CFDF06A}.Release|x64.ActiveCfg = Release|Any CPU
		{1B6350E9-F78F-468F-8B25-D1363CFDF06A}.Release|x64.Build.0 = Release|Any CPU
		{1B6350E9-F78F-468F-8B25-D1363CFDF06A}.Release|x86.ActiveCfg = Release|Any CPU
		{1B6350E9-F78F-468F-8B25-D1363CFDF06A}.Release|x86.Build.0 = Release|Any CPU
		{317A1FE3-11BF-40CC-858A-EE193701B1E5}.Debug|Any CPU.ActiveCfg = Debug|Any CPU
		{317A1FE3-11BF-40CC-858A-EE193701B1E5}.Debug|Any CPU.Build.0 = Debug|Any CPU
		{317A1FE3-11BF-40CC-858A-EE193701B1E5}.Debug|x64.ActiveCfg = Debug|Any CPU
		{317A1FE3-11BF-40CC-858A-EE193701B1E5}.Debug|x64.Build.0 = Debug|Any CPU
		{317A1FE3-11BF-40CC-858A-EE193701B1E5}.Debug|x86.ActiveCfg = Debug|Any CPU
		{317A1FE3-11BF-40CC-858A-EE193701B1E5}.Debug|x86.Build.0 = Debug|Any CPU
		{317A1FE3-11BF-40CC-858A-EE193701B1E5}.Release|Any CPU.ActiveCfg = Release|Any CPU
		{317A1FE3-11BF-40CC-858A-EE193701B1E5}.Release|Any CPU.Build.0 = Release|Any CPU
		{317A1FE3-11BF-40CC-858A-EE193701B1E5}.Release|x64.ActiveCfg = Release|Any CPU
		{317A1FE3-11BF-40CC-858A-EE193701B1E5}.Release|x64.Build.0 = Release|Any CPU
		{317A1FE3-11BF-40CC-858A-EE193701B1E5}.Release|x86.ActiveCfg = Release|Any CPU
		{317A1FE3-11BF-40CC-858A-EE193701B1E5}.Release|x86.Build.0 = Release|Any CPU
		{4051F598-E0D5-46F4-8C24-E63AFB1AE166}.Debug|Any CPU.ActiveCfg = Debug|Any CPU
		{4051F598-E0D5-46F4-8C24-E63AFB1AE166}.Debug|Any CPU.Build.0 = Debug|Any CPU
		{4051F598-E0D5-46F4-8C24-E63AFB1AE166}.Debug|x64.ActiveCfg = Debug|Any CPU
		{4051F598-E0D5-46F4-8C24-E63AFB1AE166}.Debug|x64.Build.0 = Debug|Any CPU
		{4051F598-E0D5-46F4-8C24-E63AFB1AE166}.Debug|x86.ActiveCfg = Debug|Any CPU
		{4051F598-E0D5-46F4-8C24-E63AFB1AE166}.Debug|x86.Build.0 = Debug|Any CPU
		{4051F598-E0D5-46F4-8C24-E63AFB1AE166}.Release|Any CPU.ActiveCfg = Release|Any CPU
		{4051F598-E0D5-46F4-8C24-E63AFB1AE166}.Release|Any CPU.Build.0 = Release|Any CPU
		{4051F598-E0D5-46F4-8C24-E63AFB1AE166}.Release|x64.ActiveCfg = Release|Any CPU
		{4051F598-E0D5-46F4-8C24-E63AFB1AE166}.Release|x64.Build.0 = Release|Any CPU
		{4051F598-E0D5-46F4-8C24-E63AFB1AE166}.Release|x86.ActiveCfg = Release|Any CPU
		{4051F598-E0D5-46F4-8C24-E63AFB1AE166}.Release|x86.Build.0 = Release|Any CPU
		{F2F9609C-71BD-4399-A20B-32747E5FC17F}.Debug|Any CPU.ActiveCfg = Debug|Any CPU
		{F2F9609C-71BD-4399-A20B-32747E5FC17F}.Debug|Any CPU.Build.0 = Debug|Any CPU
		{F2F9609C-71BD-4399-A20B-32747E5FC17F}.Debug|x64.ActiveCfg = Debug|Any CPU
		{F2F9609C-71BD-4399-A20B-32747E5FC17F}.Debug|x64.Build.0 = Debug|Any CPU
		{F2F9609C-71BD-4399-A20B-32747E5FC17F}.Debug|x86.ActiveCfg = Debug|Any CPU
		{F2F9609C-71BD-4399-A20B-32747E5FC17F}.Debug|x86.Build.0 = Debug|Any CPU
		{F2F9609C-71BD-4399-A20B-32747E5FC17F}.Release|Any CPU.ActiveCfg = Release|Any CPU
		{F2F9609C-71BD-4399-A20B-32747E5FC17F}.Release|Any CPU.Build.0 = Release|Any CPU
		{F2F9609C-71BD-4399-A20B-32747E5FC17F}.Release|x64.ActiveCfg = Release|Any CPU
		{F2F9609C-71BD-4399-A20B-32747E5FC17F}.Release|x64.Build.0 = Release|Any CPU
		{F2F9609C-71BD-4399-A20B-32747E5FC17F}.Release|x86.ActiveCfg = Release|Any CPU
		{F2F9609C-71BD-4399-A20B-32747E5FC17F}.Release|x86.Build.0 = Release|Any CPU
	EndGlobalSection
	GlobalSection(SolutionProperties) = preSolution
		HideSolutionNode = FALSE
	EndGlobalSection
	GlobalSection(NestedProjects) = preSolution
		{317A1FE3-11BF-40CC-858A-EE193701B1E5} = {E88456B8-DAAC-5BB9-0F66-0C5F7DC7DFF7}
	EndGlobalSection
EndGlobal
