
Microsoft Visual Studio Solution File, Format Version 12.00
# Visual Studio Version 18
VisualStudioVersion = 18.5.11619.145
MinimumVisualStudioVersion = 10.0.40219.1
Project("{FAE04EC0-301F-11D3-BF4B-00C04F79EFBC}") = "ApiGateway", "ApiGateway\ApiGateway.csproj", "{7686CBE4-A98E-4B4C-8B3A-F525D58BC07A}"
EndProject
Project("{FAE04EC0-301F-11D3-BF4B-00C04F79EFBC}") = "ECommerce.Models", "ECommerce.Models\ECommerce.Models.csproj", "{6AFADB43-301A-42B3-8E3F-D2EDB147D1C1}"
EndProject
Project("{FAE04EC0-301F-11D3-BF4B-00C04F79EFBC}") = "AuthApi", "AuthApi\AuthApi.csproj", "{ACC34BAD-1CF6-492C-B725-03873ACFC2CD}"
EndProject
Project("{FAE04EC0-301F-11D3-BF4B-00C04F79EFBC}") = "AuthApi.Data", "AuthApi.Data\AuthApi.Data.csproj", "{F08B2BDF-02C0-4B6E-9354-5EE08D7C77B1}"
EndProject
Project("{FAE04EC0-301F-11D3-BF4B-00C04F79EFBC}") = "AuthApi.Models", "AuthApi.Models\AuthApi.Models.csproj", "{48362AF9-1D2C-4A10-8806-894B11D06A86}"
EndProject
Project("{FAE04EC0-301F-11D3-BF4B-00C04F79EFBC}") = "ECommerce.Data", "ECommerce.Data\ECommerce.Data.csproj", "{A1FA65B7-29F4-40F4-9E7B-E777C13F2AC9}"
EndProject
Project("{FAE04EC0-301F-11D3-BF4B-00C04F79EFBC}") = "ProductApi.Models", "ProductApi.Models\ProductApi.Models.csproj", "{0757CAD7-55B2-49CC-A277-45EED2867882}"
EndProject
Project("{FAE04EC0-301F-11D3-BF4B-00C04F79EFBC}") = "AuthService.Data", "AuthService.Data\AuthService.Data.csproj", "{127A57B3-A81B-4561-BC94-A7EABC969E1C}"
EndProject
Project("{FAE04EC0-301F-11D3-BF4B-00C04F79EFBC}") = "ProductApi", "ProductApi\ProductApi.csproj", "{163E39C8-3703-4D8C-9937-139176D4C0EE}"
EndProject
Project("{FAE04EC0-301F-11D3-BF4B-00C04F79EFBC}") = "ProductApi.Infrastructure", "ProductApi.Infrastructure\ProductApi.Infrastructure.csproj", "{265FB99C-923D-4217-AB5F-0B02AEA4433E}"
EndProject
Project("{FAE04EC0-301F-11D3-BF4B-00C04F79EFBC}") = "ProductApi.Application", "ProductApi.Application\ProductApi.Application.csproj", "{6DD4A8E2-497D-4169-9144-EC59C7FFC284}"
EndProject
Project("{2150E333-8FDC-42A3-9474-1A3956D46DE8}") = "E_Commerce_Web", "E_Commerce_Web", "{E88456B8-DAAC-5BB9-0F66-0C5F7DC7DFF7}"
EndProject
Project("{FAE04EC0-301F-11D3-BF4B-00C04F79EFBC}") = "E_Commerce_Web", "E_Commerce_web\E_Commerce_Web.csproj", "{B0F5F621-8515-45DD-A8B7-8CBCC781BD5D}"
EndProject
Project("{FAE04EC0-301F-11D3-BF4B-00C04F79EFBC}") = "Auth.Test", "Auth.Test\Auth.Test.csproj", "{100C1AAC-3CBE-4742-8BDB-50D604316D87}"
EndProject
Project("{FAE04EC0-301F-11D3-BF4B-00C04F79EFBC}") = "Product.Test", "Product.Test\Product.Test.csproj", "{E3328B31-544D-4AFF-B8A2-E57F409D10DA}"
EndProject
Project("{FAE04EC0-301F-11D3-BF4B-00C04F79EFBC}") = "CartApi", "CartApi\CartApi.csproj", "{53EEC9BE-EF75-4D37-908F-0EF54747091A}"
EndProject
Project("{FAE04EC0-301F-11D3-BF4B-00C04F79EFBC}") = "CartApi.Models", "CartApi.Models\CartApi.Models.csproj", "{6AEA41FE-9263-4BE8-A45C-D224549EAC1F}"
EndProject
Project("{FAE04EC0-301F-11D3-BF4B-00C04F79EFBC}") = "CartApi.Infrastructure", "CartApi.Infrastructure\CartApi.Infrastructure.csproj", "{4D89475B-B42E-4141-87E0-145E2068D707}"
EndProject
Global
	GlobalSection(SolutionConfigurationPlatforms) = preSolution
		Debug|Any CPU = Debug|Any CPU
		Debug|x64 = Debug|x64
		Debug|x86 = Debug|x86
		Release|Any CPU = Release|Any CPU
		Release|x64 = Release|x64
		Release|x86 = Release|x86
	EndGlobalSection
	GlobalSection(ProjectConfigurationPlatforms) = postSolution
		{7686CBE4-A98E-4B4C-8B3A-F525D58BC07A}.Debug|Any CPU.ActiveCfg = Debug|Any CPU
		{7686CBE4-A98E-4B4C-8B3A-F525D58BC07A}.Debug|Any CPU.Build.0 = Debug|Any CPU
		{7686CBE4-A98E-4B4C-8B3A-F525D58BC07A}.Debug|x64.ActiveCfg = Debug|Any CPU
		{7686CBE4-A98E-4B4C-8B3A-F525D58BC07A}.Debug|x64.Build.0 = Debug|Any CPU
		{7686CBE4-A98E-4B4C-8B3A-F525D58BC07A}.Debug|x86.ActiveCfg = Debug|Any CPU
		{7686CBE4-A98E-4B4C-8B3A-F525D58BC07A}.Debug|x86.Build.0 = Debug|Any CPU
		{7686CBE4-A98E-4B4C-8B3A-F525D58BC07A}.Release|Any CPU.ActiveCfg = Release|Any CPU
		{7686CBE4-A98E-4B4C-8B3A-F525D58BC07A}.Release|Any CPU.Build.0 = Release|Any CPU
		{7686CBE4-A98E-4B4C-8B3A-F525D58BC07A}.Release|x64.ActiveCfg = Release|Any CPU
		{7686CBE4-A98E-4B4C-8B3A-F525D58BC07A}.Release|x64.Build.0 = Release|Any CPU
		{7686CBE4-A98E-4B4C-8B3A-F525D58BC07A}.Release|x86.ActiveCfg = Release|Any CPU
		{7686CBE4-A98E-4B4C-8B3A-F525D58BC07A}.Release|x86.Build.0 = Release|Any CPU
		{6AFADB43-301A-42B3-8E3F-D2EDB147D1C1}.Debug|Any CPU.ActiveCfg = Debug|Any CPU
		{6AFADB43-301A-42B3-8E3F-D2EDB147D1C1}.Debug|Any CPU.Build.0 = Debug|Any CPU
		{6AFADB43-301A-42B3-8E3F-D2EDB147D1C1}.Debug|x64.ActiveCfg = Debug|Any CPU
		{6AFADB43-301A-42B3-8E3F-D2EDB147D1C1}.Debug|x64.Build.0 = Debug|Any CPU
		{6AFADB43-301A-42B3-8E3F-D2EDB147D1C1}.Debug|x86.ActiveCfg = Debug|Any CPU
		{6AFADB43-301A-42B3-8E3F-D2EDB147D1C1}.Debug|x86.Build.0 = Debug|Any CPU
		{6AFADB43-301A-42B3-8E3F-D2EDB147D1C1}.Release|Any CPU.ActiveCfg = Release|Any CPU
		{6AFADB43-301A-42B3-8E3F-D2EDB147D1C1}.Release|Any CPU.Build.0 = Release|Any CPU
		{6AFADB43-301A-42B3-8E3F-D2EDB147D1C1}.Release|x64.ActiveCfg = Release|Any CPU
		{6AFADB43-301A-42B3-8E3F-D2EDB147D1C1}.Release|x64.Build.0 = Release|Any CPU
		{6AFADB43-301A-42B3-8E3F-D2EDB147D1C1}.Release|x86.ActiveCfg = Release|Any CPU
		{6AFADB43-301A-42B3-8E3F-D2EDB147D1C1}.Release|x86.Build.0 = Release|Any CPU
		{ACC34BAD-1CF6-492C-B725-03873ACFC2CD}.Debug|Any CPU.ActiveCfg = Debug|Any CPU
		{ACC34BAD-1CF6-492C-B725-03873ACFC2CD}.Debug|Any CPU.Build.0 = Debug|Any CPU
		{ACC34BAD-1CF6-492C-B725-03873ACFC2CD}.Debug|x64.ActiveCfg = Debug|Any CPU
		{ACC34BAD-1CF6-492C-B725-03873ACFC2CD}.Debug|x64.Build.0 = Debug|Any CPU
		{ACC34BAD-1CF6-492C-B725-03873ACFC2CD}.Debug|x86.ActiveCfg = Debug|Any CPU
		{ACC34BAD-1CF6-492C-B725-03873ACFC2CD}.Debug|x86.Build.0 = Debug|Any CPU
		{ACC34BAD-1CF6-492C-B725-03873ACFC2CD}.Release|Any CPU.ActiveCfg = Release|Any CPU
		{ACC34BAD-1CF6-492C-B725-03873ACFC2CD}.Release|Any CPU.Build.0 = Release|Any CPU
		{ACC34BAD-1CF6-492C-B725-03873ACFC2CD}.Release|x64.ActiveCfg = Release|Any CPU
		{ACC34BAD-1CF6-492C-B725-03873ACFC2CD}.Release|x64.Build.0 = Release|Any CPU
		{ACC34BAD-1CF6-492C-B725-03873ACFC2CD}.Release|x86.ActiveCfg = Release|Any CPU
		{ACC34BAD-1CF6-492C-B725-03873ACFC2CD}.Release|x86.Build.0 = Release|Any CPU
		{F08B2BDF-02C0-4B6E-9354-5EE08D7C77B1}.Debug|Any CPU.ActiveCfg = Debug|Any CPU
		{F08B2BDF-02C0-4B6E-9354-5EE08D7C77B1}.Debug|Any CPU.Build.0 = Debug|Any CPU
		{F08B2BDF-02C0-4B6E-9354-5EE08D7C77B1}.Debug|x64.ActiveCfg = Debug|Any CPU
		{F08B2BDF-02C0-4B6E-9354-5EE08D7C77B1}.Debug|x64.Build.0 = Debug|Any CPU
		{F08B2BDF-02C0-4B6E-9354-5EE08D7C77B1}.Debug|x86.ActiveCfg = Debug|Any CPU
		{F08B2BDF-02C0-4B6E-9354-5EE08D7C77B1}.Debug|x86.Build.0 = Debug|Any CPU
		{F08B2BDF-02C0-4B6E-9354-5EE08D7C77B1}.Release|Any CPU.ActiveCfg = Release|Any CPU
		{F08B2BDF-02C0-4B6E-9354-5EE08D7C77B1}.Release|Any CPU.Build.0 = Release|Any CPU
		{F08B2BDF-02C0-4B6E-9354-5EE08D7C77B1}.Release|x64.ActiveCfg = Release|Any CPU
		{F08B2BDF-02C0-4B6E-9354-5EE08D7C77B1}.Release|x64.Build.0 = Release|Any CPU
		{F08B2BDF-02C0-4B6E-9354-5EE08D7C77B1}.Release|x86.ActiveCfg = Release|Any CPU
		{F08B2BDF-02C0-4B6E-9354-5EE08D7C77B1}.Release|x86.Build.0 = Release|Any CPU
		{48362AF9-1D2C-4A10-8806-894B11D06A86}.Debug|Any CPU.ActiveCfg = Debug|Any CPU
		{48362AF9-1D2C-4A10-8806-894B11D06A86}.Debug|Any CPU.Build.0 = Debug|Any CPU
		{48362AF9-1D2C-4A10-8806-894B11D06A86}.Debug|x64.ActiveCfg = Debug|Any CPU
		{48362AF9-1D2C-4A10-8806-894B11D06A86}.Debug|x64.Build.0 = Debug|Any CPU
		{48362AF9-1D2C-4A10-8806-894B11D06A86}.Debug|x86.ActiveCfg = Debug|Any CPU
		{48362AF9-1D2C-4A10-8806-894B11D06A86}.Debug|x86.Build.0 = Debug|Any CPU
		{48362AF9-1D2C-4A10-8806-894B11D06A86}.Release|Any CPU.ActiveCfg = Release|Any CPU
		{48362AF9-1D2C-4A10-8806-894B11D06A86}.Release|Any CPU.Build.0 = Release|Any CPU
		{48362AF9-1D2C-4A10-8806-894B11D06A86}.Release|x64.ActiveCfg = Release|Any CPU
		{48362AF9-1D2C-4A10-8806-894B11D06A86}.Release|x64.Build.0 = Release|Any CPU
		{48362AF9-1D2C-4A10-8806-894B11D06A86}.Release|x86.ActiveCfg = Release|Any CPU
		{48362AF9-1D2C-4A10-8806-894B11D06A86}.Release|x86.Build.0 = Release|Any CPU
		{A1FA65B7-29F4-40F4-9E7B-E777C13F2AC9}.Debug|Any CPU.ActiveCfg = Debug|Any CPU
		{A1FA65B7-29F4-40F4-9E7B-E777C13F2AC9}.Debug|Any CPU.Build.0 = Debug|Any CPU
		{A1FA65B7-29F4-40F4-9E7B-E777C13F2AC9}.Debug|x64.ActiveCfg = Debug|Any CPU
		{A1FA65B7-29F4-40F4-9E7B-E777C13F2AC9}.Debug|x64.Build.0 = Debug|Any CPU
		{A1FA65B7-29F4-40F4-9E7B-E777C13F2AC9}.Debug|x86.ActiveCfg = Debug|Any CPU
		{A1FA65B7-29F4-40F4-9E7B-E777C13F2AC9}.Debug|x86.Build.0 = Debug|Any CPU
		{A1FA65B7-29F4-40F4-9E7B-E777C13F2AC9}.Release|Any CPU.ActiveCfg = Release|Any CPU
		{A1FA65B7-29F4-40F4-9E7B-E777C13F2AC9}.Release|Any CPU.Build.0 = Release|Any CPU
		{A1FA65B7-29F4-40F4-9E7B-E777C13F2AC9}.Release|x64.ActiveCfg = Release|Any CPU
		{A1FA65B7-29F4-40F4-9E7B-E777C13F2AC9}.Release|x64.Build.0 = Release|Any CPU
		{A1FA65B7-29F4-40F4-9E7B-E777C13F2AC9}.Release|x86.ActiveCfg = Release|Any CPU
		{A1FA65B7-29F4-40F4-9E7B-E777C13F2AC9}.Release|x86.Build.0 = Release|Any CPU
		{0757CAD7-55B2-49CC-A277-45EED2867882}.Debug|Any CPU.ActiveCfg = Debug|Any CPU
		{0757CAD7-55B2-49CC-A277-45EED2867882}.Debug|Any CPU.Build.0 = Debug|Any CPU
		{0757CAD7-55B2-49CC-A277-45EED2867882}.Debug|x64.ActiveCfg = Debug|Any CPU
		{0757CAD7-55B2-49CC-A277-45EED2867882}.Debug|x64.Build.0 = Debug|Any CPU
		{0757CAD7-55B2-49CC-A277-45EED2867882}.Debug|x86.ActiveCfg = Debug|Any CPU
		{0757CAD7-55B2-49CC-A277-45EED2867882}.Debug|x86.Build.0 = Debug|Any CPU
		{0757CAD7-55B2-49CC-A277-45EED2867882}.Release|Any CPU.ActiveCfg = Release|Any CPU
		{0757CAD7-55B2-49CC-A277-45EED2867882}.Release|Any CPU.Build.0 = Release|Any CPU
		{0757CAD7-55B2-49CC-A277-45EED2867882}.Release|x64.ActiveCfg = Release|Any CPU
		{0757CAD7-55B2-49CC-A277-45EED2867882}.Release|x64.Build.0 = Release|Any CPU
		{0757CAD7-55B2-49CC-A277-45EED2867882}.Release|x86.ActiveCfg = Release|Any CPU
		{0757CAD7-55B2-49CC-A277-45EED2867882}.Release|x86.Build.0 = Release|Any CPU
		{127A57B3-A81B-4561-BC94-A7EABC969E1C}.Debug|Any CPU.ActiveCfg = Debug|Any CPU
		{127A57B3-A81B-4561-BC94-A7EABC969E1C}.Debug|Any CPU.Build.0 = Debug|Any CPU
		{127A57B3-A81B-4561-BC94-A7EABC969E1C}.Debug|x64.ActiveCfg = Debug|Any CPU
		{127A57B3-A81B-4561-BC94-A7EABC969E1C}.Debug|x64.Build.0 = Debug|Any CPU
		{127A57B3-A81B-4561-BC94-A7EABC969E1C}.Debug|x86.ActiveCfg = Debug|Any CPU
		{127A57B3-A81B-4561-BC94-A7EABC969E1C}.Debug|x86.Build.0 = Debug|Any CPU
		{127A57B3-A81B-4561-BC94-A7EABC969E1C}.Release|Any CPU.ActiveCfg = Release|Any CPU
		{127A57B3-A81B-4561-BC94-A7EABC969E1C}.Release|Any CPU.Build.0 = Release|Any CPU
		{127A57B3-A81B-4561-BC94-A7EABC969E1C}.Release|x64.ActiveCfg = Release|Any CPU
		{127A57B3-A81B-4561-BC94-A7EABC969E1C}.Release|x64.Build.0 = Release|Any CPU
		{127A57B3-A81B-4561-BC94-A7EABC969E1C}.Release|x86.ActiveCfg = Release|Any CPU
		{127A57B3-A81B-4561-BC94-A7EABC969E1C}.Release|x86.Build.0 = Release|Any CPU
		{163E39C8-3703-4D8C-9937-139176D4C0EE}.Debug|Any CPU.ActiveCfg = Debug|Any CPU
		{163E39C8-3703-4D8C-9937-139176D4C0EE}.Debug|Any CPU.Build.0 = Debug|Any CPU
		{163E39C8-3703-4D8C-9937-139176D4C0EE}.Debug|x64.ActiveCfg = Debug|Any CPU
		{163E39C8-3703-4D8C-9937-139176D4C0EE}.Debug|x64.Build.0 = Debug|Any CPU
		{163E39C8-3703-4D8C-9937-139176D4C0EE}.Debug|x86.ActiveCfg = Debug|Any CPU
		{163E39C8-3703-4D8C-9937-139176D4C0EE}.Debug|x86.Build.0 = Debug|Any CPU
		{163E39C8-3703-4D8C-9937-139176D4C0EE}.Release|Any CPU.ActiveCfg = Release|Any CPU
		{163E39C8-3703-4D8C-9937-139176D4C0EE}.Release|Any CPU.Build.0 = Release|Any CPU
		{163E39C8-3703-4D8C-9937-139176D4C0EE}.Release|x64.ActiveCfg = Release|Any CPU
		{163E39C8-3703-4D8C-9937-139176D4C0EE}.Release|x64.Build.0 = Release|Any CPU
		{163E39C8-3703-4D8C-9937-139176D4C0EE}.Release|x86.ActiveCfg = Release|Any CPU
		{163E39C8-3703-4D8C-9937-139176D4C0EE}.Release|x86.Build.0 = Release|Any CPU
		{265FB99C-923D-4217-AB5F-0B02AEA4433E}.Debug|Any CPU.ActiveCfg = Debug|Any CPU
		{265FB99C-923D-4217-AB5F-0B02AEA4433E}.Debug|Any CPU.Build.0 = Debug|Any CPU
		{265FB99C-923D-4217-AB5F-0B02AEA4433E}.Debug|x64.ActiveCfg = Debug|Any CPU
		{265FB99C-923D-4217-AB5F-0B02AEA4433E}.Debug|x64.Build.0 = Debug|Any CPU
		{265FB99C-923D-4217-AB5F-0B02AEA4433E}.Debug|x86.ActiveCfg = Debug|Any CPU
		{265FB99C-923D-4217-AB5F-0B02AEA4433E}.Debug|x86.Build.0 = Debug|Any CPU
		{265FB99C-923D-4217-AB5F-0B02AEA4433E}.Release|Any CPU.ActiveCfg = Release|Any CPU
		{265FB99C-923D-4217-AB5F-0B02AEA4433E}.Release|Any CPU.Build.0 = Release|Any CPU
		{265FB99C-923D-4217-AB5F-0B02AEA4433E}.Release|x64.ActiveCfg = Release|Any CPU
		{265FB99C-923D-4217-AB5F-0B02AEA4433E}.Release|x64.Build.0 = Release|Any CPU
		{265FB99C-923D-4217-AB5F-0B02AEA4433E}.Release|x86.ActiveCfg = Release|Any CPU
		{265FB99C-923D-4217-AB5F-0B02AEA4433E}.Release|x86.Build.0 = Release|Any CPU
		{6DD4A8E2-497D-4169-9144-EC59C7FFC284}.Debug|Any CPU.ActiveCfg = Debug|Any CPU
		{6DD4A8E2-497D-4169-9144-EC59C7FFC284}.Debug|Any CPU.Build.0 = Debug|Any CPU
		{6DD4A8E2-497D-4169-9144-EC59C7FFC284}.Debug|x64.ActiveCfg = Debug|Any CPU
		{6DD4A8E2-497D-4169-9144-EC59C7FFC284}.Debug|x64.Build.0 = Debug|Any CPU
		{6DD4A8E2-497D-4169-9144-EC59C7FFC284}.Debug|x86.ActiveCfg = Debug|Any CPU
		{6DD4A8E2-497D-4169-9144-EC59C7FFC284}.Debug|x86.Build.0 = Debug|Any CPU
		{6DD4A8E2-497D-4169-9144-EC59C7FFC284}.Release|Any CPU.ActiveCfg = Release|Any CPU
		{6DD4A8E2-497D-4169-9144-EC59C7FFC284}.Release|Any CPU.Build.0 = Release|Any CPU
		{6DD4A8E2-497D-4169-9144-EC59C7FFC284}.Release|x64.ActiveCfg = Release|Any CPU
		{6DD4A8E2-497D-4169-9144-EC59C7FFC284}.Release|x64.Build.0 = Release|Any CPU
		{6DD4A8E2-497D-4169-9144-EC59C7FFC284}.Release|x86.ActiveCfg = Release|Any CPU
		{6DD4A8E2-497D-4169-9144-EC59C7FFC284}.Release|x86.Build.0 = Release|Any CPU
		{B0F5F621-8515-45DD-A8B7-8CBCC781BD5D}.Debug|Any CPU.ActiveCfg = Debug|Any CPU
		{B0F5F621-8515-45DD-A8B7-8CBCC781BD5D}.Debug|Any CPU.Build.0 = Debug|Any CPU
		{B0F5F621-8515-45DD-A8B7-8CBCC781BD5D}.Debug|x64.ActiveCfg = Debug|Any CPU
		{B0F5F621-8515-45DD-A8B7-8CBCC781BD5D}.Debug|x64.Build.0 = Debug|Any CPU
		{B0F5F621-8515-45DD-A8B7-8CBCC781BD5D}.Debug|x86.ActiveCfg = Debug|Any CPU
		{B0F5F621-8515-45DD-A8B7-8CBCC781BD5D}.Debug|x86.Build.0 = Debug|Any CPU
		{B0F5F621-8515-45DD-A8B7-8CBCC781BD5D}.Release|Any CPU.ActiveCfg = Release|Any CPU
		{B0F5F621-8515-45DD-A8B7-8CBCC781BD5D}.Release|Any CPU.Build.0 = Release|Any CPU
		{B0F5F621-8515-45DD-A8B7-8CBCC781BD5D}.Release|x64.ActiveCfg = Release|Any CPU
		{B0F5F621-8515-45DD-A8B7-8CBCC781BD5D}.Release|x64.Build.0 = Release|Any CPU
		{B0F5F621-8515-45DD-A8B7-8CBCC781BD5D}.Release|x86.ActiveCfg = Release|Any CPU
		{B0F5F621-8515-45DD-A8B7-8CBCC781BD5D}.Release|x86.Build.0 = Release|Any CPU
		{100C1AAC-3CBE-4742-8BDB-50D604316D87}.Debug|Any CPU.ActiveCfg = Debug|Any CPU
		{100C1AAC-3CBE-4742-8BDB-50D604316D87}.Debug|Any CPU.Build.0 = Debug|Any CPU
		{100C1AAC-3CBE-4742-8BDB-50D604316D87}.Debug|x64.ActiveCfg = Debug|Any CPU
		{100C1AAC-3CBE-4742-8BDB-50D604316D87}.Debug|x64.Build.0 = Debug|Any CPU
		{100C1AAC-3CBE-4742-8BDB-50D604316D87}.Debug|x86.ActiveCfg = Debug|Any CPU
		{100C1AAC-3CBE-4742-8BDB-50D604316D87}.Debug|x86.Build.0 = Debug|Any CPU
		{100C1AAC-3CBE-4742-8BDB-50D604316D87}.Release|Any CPU.ActiveCfg = Release|Any CPU
		{100C1AAC-3CBE-4742-8BDB-50D604316D87}.Release|Any CPU.Build.0 = Release|Any CPU
		{100C1AAC-3CBE-4742-8BDB-50D604316D87}.Release|x64.ActiveCfg = Release|Any CPU
		{100C1AAC-3CBE-4742-8BDB-50D604316D87}.Release|x64.Build.0 = Release|Any CPU
		{100C1AAC-3CBE-4742-8BDB-50D604316D87}.Release|x86.ActiveCfg = Release|Any CPU
		{100C1AAC-3CBE-4742-8BDB-50D604316D87}.Release|x86.Build.0 = Release|Any CPU
		{E3328B31-544D-4AFF-B8A2-E57F409D10DA}.Debug|Any CPU.ActiveCfg = Debug|Any CPU
		{E3328B31-544D-4AFF-B8A2-E57F409D10DA}.Debug|Any CPU.Build.0 = Debug|Any CPU
		{E3328B31-544D-4AFF-B8A2-E57F409D10DA}.Debug|x64.ActiveCfg = Debug|Any CPU
		{E3328B31-544D-4AFF-B8A2-E57F409D10DA}.Debug|x64.Build.0 = Debug|Any CPU
		{E3328B31-544D-4AFF-B8A2-E57F409D10DA}.Debug|x86.ActiveCfg = Debug|Any CPU
		{E3328B31-544D-4AFF-B8A2-E57F409D10DA}.Debug|x86.Build.0 = Debug|Any CPU
		{E3328B31-544D-4AFF-B8A2-E57F409D10DA}.Release|Any CPU.ActiveCfg = Release|Any CPU
		{E3328B31-544D-4AFF-B8A2-E57F409D10DA}.Release|Any CPU.Build.0 = Release|Any CPU
		{E3328B31-544D-4AFF-B8A2-E57F409D10DA}.Release|x64.ActiveCfg = Release|Any CPU
		{E3328B31-544D-4AFF-B8A2-E57F409D10DA}.Release|x64.Build.0 = Release|Any CPU
		{E3328B31-544D-4AFF-B8A2-E57F409D10DA}.Release|x86.ActiveCfg = Release|Any CPU
		{E3328B31-544D-4AFF-B8A2-E57F409D10DA}.Release|x86.Build.0 = Release|Any CPU
		{53EEC9BE-EF75-4D37-908F-0EF54747091A}.Debug|Any CPU.ActiveCfg = Debug|Any CPU
		{53EEC9BE-EF75-4D37-908F-0EF54747091A}.Debug|Any CPU.Build.0 = Debug|Any CPU
		{53EEC9BE-EF75-4D37-908F-0EF54747091A}.Debug|x64.ActiveCfg = Debug|Any CPU
		{53EEC9BE-EF75-4D37-908F-0EF54747091A}.Debug|x64.Build.0 = Debug|Any CPU
		{53EEC9BE-EF75-4D37-908F-0EF54747091A}.Debug|x86.ActiveCfg = Debug|Any CPU
		{53EEC9BE-EF75-4D37-908F-0EF54747091A}.Debug|x86.Build.0 = Debug|Any CPU
		{53EEC9BE-EF75-4D37-908F-0EF54747091A}.Release|Any CPU.ActiveCfg = Release|Any CPU
		{53EEC9BE-EF75-4D37-908F-0EF54747091A}.Release|Any CPU.Build.0 = Release|Any CPU
		{53EEC9BE-EF75-4D37-908F-0EF54747091A}.Release|x64.ActiveCfg = Release|Any CPU
		{53EEC9BE-EF75-4D37-908F-0EF54747091A}.Release|x64.Build.0 = Release|Any CPU
		{53EEC9BE-EF75-4D37-908F-0EF54747091A}.Release|x86.ActiveCfg = Release|Any CPU
		{53EEC9BE-EF75-4D37-908F-0EF54747091A}.Release|x86.Build.0 = Release|Any CPU
		{6AEA41FE-9263-4BE8-A45C-D224549EAC1F}.Debug|Any CPU.ActiveCfg = Debug|Any CPU
		{6AEA41FE-9263-4BE8-A45C-D224549EAC1F}.Debug|Any CPU.Build.0 = Debug|Any CPU
		{6AEA41FE-9263-4BE8-A45C-D224549EAC1F}.Debug|x64.ActiveCfg = Debug|Any CPU
		{6AEA41FE-9263-4BE8-A45C-D224549EAC1F}.Debug|x64.Build.0 = Debug|Any CPU
		{6AEA41FE-9263-4BE8-A45C-D224549EAC1F}.Debug|x86.ActiveCfg = Debug|Any CPU
		{6AEA41FE-9263-4BE8-A45C-D224549EAC1F}.Debug|x86.Build.0 = Debug|Any CPU
		{6AEA41FE-9263-4BE8-A45C-D224549EAC1F}.Release|Any CPU.ActiveCfg = Release|Any CPU
		{6AEA41FE-9263-4BE8-A45C-D224549EAC1F}.Release|Any CPU.Build.0 = Release|Any CPU
		{6AEA41FE-9263-4BE8-A45C-D224549EAC1F}.Release|x64.ActiveCfg = Release|Any CPU
		{6AEA41FE-9263-4BE8-A45C-D224549EAC1F}.Release|x64.Build.0 = Release|Any CPU
		{6AEA41FE-9263-4BE8-A45C-D224549EAC1F}.Release|x86.ActiveCfg = Release|Any CPU
		{6AEA41FE-9263-4BE8-A45C-D224549EAC1F}.Release|x86.Build.0 = Release|Any CPU
		{4D89475B-B42E-4141-87E0-145E2068D707}.Debug|Any CPU.ActiveCfg = Debug|Any CPU
		{4D89475B-B42E-4141-87E0-145E2068D707}.Debug|Any CPU.Build.0 = Debug|Any CPU
		{4D89475B-B42E-4141-87E0-145E2068D707}.Debug|x64.ActiveCfg = Debug|Any CPU
		{4D89475B-B42E-4141-87E0-145E2068D707}.Debug|x64.Build.0 = Debug|Any CPU
		{4D89475B-B42E-4141-87E0-145E2068D707}.Debug|x86.ActiveCfg = Debug|Any CPU
		{4D89475B-B42E-4141-87E0-145E2068D707}.Debug|x86.Build.0 = Debug|Any CPU
		{4D89475B-B42E-4141-87E0-145E2068D707}.Release|Any CPU.ActiveCfg = Release|Any CPU
		{4D89475B-B42E-4141-87E0-145E2068D707}.Release|Any CPU.Build.0 = Release|Any CPU
		{4D89475B-B42E-4141-87E0-145E2068D707}.Release|x64.ActiveCfg = Release|Any CPU
		{4D89475B-B42E-4141-87E0-145E2068D707}.Release|x64.Build.0 = Release|Any CPU
		{4D89475B-B42E-4141-87E0-145E2068D707}.Release|x86.ActiveCfg = Release|Any CPU
		{4D89475B-B42E-4141-87E0-145E2068D707}.Release|x86.Build.0 = Release|Any CPU
	EndGlobalSection
	GlobalSection(SolutionProperties) = preSolution
		HideSolutionNode = FALSE
	EndGlobalSection
	GlobalSection(NestedProjects) = preSolution
		{B0F5F621-8515-45DD-A8B7-8CBCC781BD5D} = {E88456B8-DAAC-5BB9-0F66-0C5F7DC7DFF7}
	EndGlobalSection
	GlobalSection(ExtensibilityGlobals) = postSolution
		SolutionGuid = {78A5F8F4-0E5D-4F63-99EB-FF16914F2D25}
	EndGlobalSection
EndGlobal
